// !$*UTF8*$!
{
	archiveVersion = 1;
	classes = {
	};
	objectVersion = 56;
	objects = {

/* Begin PBXBuildFile section */
		DC133DB22916C475000B5046 /* TrackViewModel.swift in Sources */ = {isa = PBXBuildFile; fileRef = DC133DB12916C475000B5046 /* TrackViewModel.swift */; };
		DCD4F3B8290D374900E18516 /* AppDelegate.swift in Sources */ = {isa = PBXBuildFile; fileRef = DCD4F3B7290D374900E18516 /* AppDelegate.swift */; };
		DCD4F3BA290D374900E18516 /* SceneDelegate.swift in Sources */ = {isa = PBXBuildFile; fileRef = DCD4F3B9290D374900E18516 /* SceneDelegate.swift */; };
		DCD4F3BC290D374900E18516 /* MainViewController.swift in Sources */ = {isa = PBXBuildFile; fileRef = DCD4F3BB290D374900E18516 /* MainViewController.swift */; };
		DCD4F3BF290D374900E18516 /* Main.storyboard in Resources */ = {isa = PBXBuildFile; fileRef = DCD4F3BD290D374900E18516 /* Main.storyboard */; };
		DCD4F3C2290D374900E18516 /* Grandpax.xcdatamodeld in Sources */ = {isa = PBXBuildFile; fileRef = DCD4F3C0290D374900E18516 /* Grandpax.xcdatamodeld */; };
		DCD4F3C4290D374D00E18516 /* Assets.xcassets in Resources */ = {isa = PBXBuildFile; fileRef = DCD4F3C3290D374D00E18516 /* Assets.xcassets */; };
		DCD4F3C7290D374D00E18516 /* LaunchScreen.storyboard in Resources */ = {isa = PBXBuildFile; fileRef = DCD4F3C5290D374D00E18516 /* LaunchScreen.storyboard */; };
		DCD4F3D0290D63AD00E18516 /* Colors.swift in Sources */ = {isa = PBXBuildFile; fileRef = DCD4F3CF290D63AD00E18516 /* Colors.swift */; };
		DCD4F3D2290D6F9D00E18516 /* CommonStrings.swift in Sources */ = {isa = PBXBuildFile; fileRef = DCD4F3D1290D6F9D00E18516 /* CommonStrings.swift */; };
		DCD4F3D5290E711300E18516 /* UIView+Extensions.swift in Sources */ = {isa = PBXBuildFile; fileRef = DCD4F3D4290E711300E18516 /* UIView+Extensions.swift */; };
		DCD4F3D7290E7FCB00E18516 /* CornerRadius.swift in Sources */ = {isa = PBXBuildFile; fileRef = DCD4F3D6290E7FCB00E18516 /* CornerRadius.swift */; };
		DCEE27BA291663A400F6BDD4 /* MKMapView+Extensions.swift in Sources */ = {isa = PBXBuildFile; fileRef = DCEE27B9291663A400F6BDD4 /* MKMapView+Extensions.swift */; };
		DCEE27C029166D2600F6BDD4 /* TrackView.swift in Sources */ = {isa = PBXBuildFile; fileRef = DCEE27BF29166D2600F6BDD4 /* TrackView.swift */; };
		DCEE27C229167A0200F6BDD4 /* ActionButton.swift in Sources */ = {isa = PBXBuildFile; fileRef = DCEE27C129167A0200F6BDD4 /* ActionButton.swift */; };
/* End PBXBuildFile section */

/* Begin PBXFileReference section */
		DC133DB12916C475000B5046 /* TrackViewModel.swift */ = {isa = PBXFileReference; lastKnownFileType = sourcecode.swift; path = TrackViewModel.swift; sourceTree = "<group>"; };
		DCD4F3B4290D374900E18516 /* Grandpax.app */ = {isa = PBXFileReference; explicitFileType = wrapper.application; includeInIndex = 0; path = Grandpax.app; sourceTree = BUILT_PRODUCTS_DIR; };
		DCD4F3B7290D374900E18516 /* AppDelegate.swift */ = {isa = PBXFileReference; lastKnownFileType = sourcecode.swift; path = AppDelegate.swift; sourceTree = "<group>"; };
		DCD4F3B9290D374900E18516 /* SceneDelegate.swift */ = {isa = PBXFileReference; lastKnownFileType = sourcecode.swift; path = SceneDelegate.swift; sourceTree = "<group>"; };
		DCD4F3BB290D374900E18516 /* MainViewController.swift */ = {isa = PBXFileReference; lastKnownFileType = sourcecode.swift; path = MainViewController.swift; sourceTree = "<group>"; };
		DCD4F3BE290D374900E18516 /* Base */ = {isa = PBXFileReference; lastKnownFileType = file.storyboard; name = Base; path = Base.lproj/Main.storyboard; sourceTree = "<group>"; };
		DCD4F3C1290D374900E18516 /* Grandpax.xcdatamodel */ = {isa = PBXFileReference; lastKnownFileType = wrapper.xcdatamodel; path = Grandpax.xcdatamodel; sourceTree = "<group>"; };
		DCD4F3C3290D374D00E18516 /* Assets.xcassets */ = {isa = PBXFileReference; lastKnownFileType = folder.assetcatalog; path = Assets.xcassets; sourceTree = "<group>"; };
		DCD4F3C6290D374D00E18516 /* Base */ = {isa = PBXFileReference; lastKnownFileType = file.storyboard; name = Base; path = Base.lproj/LaunchScreen.storyboard; sourceTree = "<group>"; };
		DCD4F3C8290D374D00E18516 /* Info.plist */ = {isa = PBXFileReference; lastKnownFileType = text.plist.xml; path = Info.plist; sourceTree = "<group>"; };
		DCD4F3CF290D63AD00E18516 /* Colors.swift */ = {isa = PBXFileReference; lastKnownFileType = sourcecode.swift; path = Colors.swift; sourceTree = "<group>"; };
		DCD4F3D1290D6F9D00E18516 /* CommonStrings.swift */ = {isa = PBXFileReference; lastKnownFileType = sourcecode.swift; path = CommonStrings.swift; sourceTree = "<group>"; };
		DCD4F3D4290E711300E18516 /* UIView+Extensions.swift */ = {isa = PBXFileReference; lastKnownFileType = sourcecode.swift; path = "UIView+Extensions.swift"; sourceTree = "<group>"; };
		DCD4F3D6290E7FCB00E18516 /* CornerRadius.swift */ = {isa = PBXFileReference; lastKnownFileType = sourcecode.swift; path = CornerRadius.swift; sourceTree = "<group>"; };
		DCEE27B9291663A400F6BDD4 /* MKMapView+Extensions.swift */ = {isa = PBXFileReference; lastKnownFileType = sourcecode.swift; path = "MKMapView+Extensions.swift"; sourceTree = "<group>"; };
		DCEE27BF29166D2600F6BDD4 /* TrackView.swift */ = {isa = PBXFileReference; lastKnownFileType = sourcecode.swift; path = TrackView.swift; sourceTree = "<group>"; };
		DCEE27C129167A0200F6BDD4 /* ActionButton.swift */ = {isa = PBXFileReference; lastKnownFileType = sourcecode.swift; path = ActionButton.swift; sourceTree = "<group>"; };
/* End PBXFileReference section */

/* Begin PBXFrameworksBuildPhase section */
		DCD4F3B1290D374900E18516 /* Frameworks */ = {
			isa = PBXFrameworksBuildPhase;
			buildActionMask = 2147483647;
			files = (
			);
			runOnlyForDeploymentPostprocessing = 0;
		};
/* End PBXFrameworksBuildPhase section */

/* Begin PBXGroup section */
		DC3FC46A2911291500F482C8 /* ViewController */ = {
			isa = PBXGroup;
			children = (
				DCD4F3BD290D374900E18516 /* Main.storyboard */,
				DCD4F3BB290D374900E18516 /* MainViewController.swift */,
			);
			path = ViewController;
			sourceTree = "<group>";
		};
		DCD4F3AB290D374900E18516 = {
			isa = PBXGroup;
			children = (
				DCD4F3B6290D374900E18516 /* Grandpax */,
				DCD4F3B5290D374900E18516 /* Products */,
			);
			sourceTree = "<group>";
		};
		DCD4F3B5290D374900E18516 /* Products */ = {
			isa = PBXGroup;
			children = (
				DCD4F3B4290D374900E18516 /* Grandpax.app */,
			);
			name = Products;
			sourceTree = "<group>";
		};
		DCD4F3B6290D374900E18516 /* Grandpax */ = {
			isa = PBXGroup;
			children = (
				DCEE27BE29166CF900F6BDD4 /* SwiftUI */,
				DCD4F3C8290D374D00E18516 /* Info.plist */,
				DC3FC46A2911291500F482C8 /* ViewController */,
				DCD4F3D3290E710100E18516 /* Extensions */,
				DCD4F3CE290D639300E18516 /* Utils */,
			);
			path = Grandpax;
			sourceTree = "<group>";
		};
		DCD4F3CE290D639300E18516 /* Utils */ = {
			isa = PBXGroup;
			children = (
				DCD4F3C0290D374900E18516 /* Grandpax.xcdatamodeld */,
				DCD4F3C3290D374D00E18516 /* Assets.xcassets */,
				DCD4F3C5290D374D00E18516 /* LaunchScreen.storyboard */,
				DCD4F3B7290D374900E18516 /* AppDelegate.swift */,
				DCD4F3B9290D374900E18516 /* SceneDelegate.swift */,
				DCD4F3CF290D63AD00E18516 /* Colors.swift */,
				DCD4F3D1290D6F9D00E18516 /* CommonStrings.swift */,
				DCD4F3D6290E7FCB00E18516 /* CornerRadius.swift */,
			);
			path = Utils;
			sourceTree = "<group>";
		};
		DCD4F3D3290E710100E18516 /* Extensions */ = {
			isa = PBXGroup;
			children = (
				DCD4F3D4290E711300E18516 /* UIView+Extensions.swift */,
				DCEE27B9291663A400F6BDD4 /* MKMapView+Extensions.swift */,
			);
			path = Extensions;
			sourceTree = "<group>";
		};
		DCEE27BE29166CF900F6BDD4 /* SwiftUI */ = {
			isa = PBXGroup;
			children = (
				DCEE27BF29166D2600F6BDD4 /* TrackView.swift */,
				DCEE27C129167A0200F6BDD4 /* ActionButton.swift */,
				DC133DB12916C475000B5046 /* TrackViewModel.swift */,
			);
			path = SwiftUI;
			sourceTree = "<group>";
		};
/* End PBXGroup section */

/* Begin PBXNativeTarget section */
		DCD4F3B3290D374900E18516 /* Grandpax */ = {
			isa = PBXNativeTarget;
			buildConfigurationList = DCD4F3CB290D374D00E18516 /* Build configuration list for PBXNativeTarget "Grandpax" */;
			buildPhases = (
				DCD4F3B0290D374900E18516 /* Sources */,
				DCD4F3B1290D374900E18516 /* Frameworks */,
				DCD4F3B2290D374900E18516 /* Resources */,
			);
			buildRules = (
			);
			dependencies = (
			);
			name = Grandpax;
			productName = Grandpax;
			productReference = DCD4F3B4290D374900E18516 /* Grandpax.app */;
			productType = "com.apple.product-type.application";
		};
/* End PBXNativeTarget section */

/* Begin PBXProject section */
		DCD4F3AC290D374900E18516 /* Project object */ = {
			isa = PBXProject;
			attributes = {
				BuildIndependentTargetsInParallel = 1;
				LastSwiftUpdateCheck = 1400;
				LastUpgradeCheck = 1400;
				TargetAttributes = {
					DCD4F3B3290D374900E18516 = {
						CreatedOnToolsVersion = 14.0.1;
					};
				};
			};
			buildConfigurationList = DCD4F3AF290D374900E18516 /* Build configuration list for PBXProject "Grandpax" */;
			compatibilityVersion = "Xcode 14.0";
			developmentRegion = en;
			hasScannedForEncodings = 0;
			knownRegions = (
				en,
				Base,
			);
			mainGroup = DCD4F3AB290D374900E18516;
			productRefGroup = DCD4F3B5290D374900E18516 /* Products */;
			projectDirPath = "";
			projectRoot = "";
			targets = (
				DCD4F3B3290D374900E18516 /* Grandpax */,
			);
		};
/* End PBXProject section */

/* Begin PBXResourcesBuildPhase section */
		DCD4F3B2290D374900E18516 /* Resources */ = {
			isa = PBXResourcesBuildPhase;
			buildActionMask = 2147483647;
			files = (
				DCD4F3C7290D374D00E18516 /* LaunchScreen.storyboard in Resources */,
				DCD4F3C4290D374D00E18516 /* Assets.xcassets in Resources */,
				DCD4F3BF290D374900E18516 /* Main.storyboard in Resources */,
			);
			runOnlyForDeploymentPostprocessing = 0;
		};
/* End PBXResourcesBuildPhase section */

/* Begin PBXSourcesBuildPhase section */
		DCD4F3B0290D374900E18516 /* Sources */ = {
			isa = PBXSourcesBuildPhase;
			buildActionMask = 2147483647;
			files = (
				DCD4F3D5290E711300E18516 /* UIView+Extensions.swift in Sources */,
				DCD4F3BC290D374900E18516 /* MainViewController.swift in Sources */,
				DC133DB22916C475000B5046 /* TrackViewModel.swift in Sources */,
				DCEE27C029166D2600F6BDD4 /* TrackView.swift in Sources */,
				DCEE27C229167A0200F6BDD4 /* ActionButton.swift in Sources */,
				DCD4F3D0290D63AD00E18516 /* Colors.swift in Sources */,
				DCD4F3B8290D374900E18516 /* AppDelegate.swift in Sources */,
				DCEE27BA291663A400F6BDD4 /* MKMapView+Extensions.swift in Sources */,
				DCD4F3C2290D374900E18516 /* Grandpax.xcdatamodeld in Sources */,
				DCD4F3BA290D374900E18516 /* SceneDelegate.swift in Sources */,
				DCD4F3D7290E7FCB00E18516 /* CornerRadius.swift in Sources */,
				DCD4F3D2290D6F9D00E18516 /* CommonStrings.swift in Sources */,
			);
			runOnlyForDeploymentPostprocessing = 0;
		};
/* End PBXSourcesBuildPhase section */

/* Begin PBXVariantGroup section */
		DCD4F3BD290D374900E18516 /* Main.storyboard */ = {
			isa = PBXVariantGroup;
			children = (
				DCD4F3BE290D374900E18516 /* Base */,
			);
			name = Main.storyboard;
			sourceTree = "<group>";
		};
		DCD4F3C5290D374D00E18516 /* LaunchScreen.storyboard */ = {
			isa = PBXVariantGroup;
			children = (
				DCD4F3C6290D374D00E18516 /* Base */,
			);
			name = LaunchScreen.storyboard;
			sourceTree = "<group>";
		};
/* End PBXVariantGroup section */

/* Begin XCBuildConfiguration section */
		DCD4F3C9290D374D00E18516 /* Debug */ = {
			isa = XCBuildConfiguration;
			buildSettings = {
				ALWAYS_SEARCH_USER_PATHS = NO;
				CLANG_ANALYZER_NONNULL = YES;
				CLANG_ANALYZER_NUMBER_OBJECT_CONVERSION = YES_AGGRESSIVE;
				CLANG_CXX_LANGUAGE_STANDARD = "gnu++20";
				CLANG_ENABLE_MODULES = YES;
				CLANG_ENABLE_OBJC_ARC = YES;
				CLANG_ENABLE_OBJC_WEAK = YES;
				CLANG_WARN_BLOCK_CAPTURE_AUTORELEASING = YES;
				CLANG_WARN_BOOL_CONVERSION = YES;
				CLANG_WARN_COMMA = YES;
				CLANG_WARN_CONSTANT_CONVERSION = YES;
				CLANG_WARN_DEPRECATED_OBJC_IMPLEMENTATIONS = YES;
				CLANG_WARN_DIRECT_OBJC_ISA_USAGE = YES_ERROR;
				CLANG_WARN_DOCUMENTATION_COMMENTS = YES;
				CLANG_WARN_EMPTY_BODY = YES;
				CLANG_WARN_ENUM_CONVERSION = YES;
				CLANG_WARN_INFINITE_RECURSION = YES;
				CLANG_WARN_INT_CONVERSION = YES;
				CLANG_WARN_NON_LITERAL_NULL_CONVERSION = YES;
				CLANG_WARN_OBJC_IMPLICIT_RETAIN_SELF = YES;
				CLANG_WARN_OBJC_LITERAL_CONVERSION = YES;
				CLANG_WARN_OBJC_ROOT_CLASS = YES_ERROR;
				CLANG_WARN_QUOTED_INCLUDE_IN_FRAMEWORK_HEADER = YES;
				CLANG_WARN_RANGE_LOOP_ANALYSIS = YES;
				CLANG_WARN_STRICT_PROTOTYPES = YES;
				CLANG_WARN_SUSPICIOUS_MOVE = YES;
				CLANG_WARN_UNGUARDED_AVAILABILITY = YES_AGGRESSIVE;
				CLANG_WARN_UNREACHABLE_CODE = YES;
				CLANG_WARN__DUPLICATE_METHOD_MATCH = YES;
				COPY_PHASE_STRIP = NO;
				DEBUG_INFORMATION_FORMAT = dwarf;
				ENABLE_STRICT_OBJC_MSGSEND = YES;
				ENABLE_TESTABILITY = YES;
				GCC_C_LANGUAGE_STANDARD = gnu11;
				GCC_DYNAMIC_NO_PIC = NO;
				GCC_NO_COMMON_BLOCKS = YES;
				GCC_OPTIMIZATION_LEVEL = 0;
				GCC_PREPROCESSOR_DEFINITIONS = (
					"DEBUG=1",
					"$(inherited)",
				);
				GCC_WARN_64_TO_32_BIT_CONVERSION = YES;
				GCC_WARN_ABOUT_RETURN_TYPE = YES_ERROR;
				GCC_WARN_UNDECLARED_SELECTOR = YES;
				GCC_WARN_UNINITIALIZED_AUTOS = YES_AGGRESSIVE;
				GCC_WARN_UNUSED_FUNCTION = YES;
				GCC_WARN_UNUSED_VARIABLE = YES;
				IPHONEOS_DEPLOYMENT_TARGET = 16.0;
				MTL_ENABLE_DEBUG_INFO = INCLUDE_SOURCE;
				MTL_FAST_MATH = YES;
				ONLY_ACTIVE_ARCH = YES;
				SDKROOT = iphoneos;
				SWIFT_ACTIVE_COMPILATION_CONDITIONS = DEBUG;
				SWIFT_OPTIMIZATION_LEVEL = "-Onone";
			};
			name = Debug;
		};
		DCD4F3CA290D374D00E18516 /* Release */ = {
			isa = XCBuildConfiguration;
			buildSettings = {
				ALWAYS_SEARCH_USER_PATHS = NO;
				CLANG_ANALYZER_NONNULL = YES;
				CLANG_ANALYZER_NUMBER_OBJECT_CONVERSION = YES_AGGRESSIVE;
				CLANG_CXX_LANGUAGE_STANDARD = "gnu++20";
				CLANG_ENABLE_MODULES = YES;
				CLANG_ENABLE_OBJC_ARC = YES;
				CLANG_ENABLE_OBJC_WEAK = YES;
				CLANG_WARN_BLOCK_CAPTURE_AUTORELEASING = YES;
				CLANG_WARN_BOOL_CONVERSION = YES;
				CLANG_WARN_COMMA = YES;
				CLANG_WARN_CONSTANT_CONVERSION = YES;
				CLANG_WARN_DEPRECATED_OBJC_IMPLEMENTATIONS = YES;
				CLANG_WARN_DIRECT_OBJC_ISA_USAGE = YES_ERROR;
				CLANG_WARN_DOCUMENTATION_COMMENTS = YES;
				CLANG_WARN_EMPTY_BODY = YES;
				CLANG_WARN_ENUM_CONVERSION = YES;
				CLANG_WARN_INFINITE_RECURSION = YES;
				CLANG_WARN_INT_CONVERSION = YES;
				CLANG_WARN_NON_LITERAL_NULL_CONVERSION = YES;
				CLANG_WARN_OBJC_IMPLICIT_RETAIN_SELF = YES;
				CLANG_WARN_OBJC_LITERAL_CONVERSION = YES;
				CLANG_WARN_OBJC_ROOT_CLASS = YES_ERROR;
				CLANG_WARN_QUOTED_INCLUDE_IN_FRAMEWORK_HEADER = YES;
				CLANG_WARN_RANGE_LOOP_ANALYSIS = YES;
				CLANG_WARN_STRICT_PROTOTYPES = YES;
				CLANG_WARN_SUSPICIOUS_MOVE = YES;
				CLANG_WARN_UNGUARDED_AVAILABILITY = YES_AGGRESSIVE;
				CLANG_WARN_UNREACHABLE_CODE = YES;
				CLANG_WARN__DUPLICATE_METHOD_MATCH = YES;
				COPY_PHASE_STRIP = NO;
				DEBUG_INFORMATION_FORMAT = "dwarf-with-dsym";
				ENABLE_NS_ASSERTIONS = NO;
				ENABLE_STRICT_OBJC_MSGSEND = YES;
				GCC_C_LANGUAGE_STANDARD = gnu11;
				GCC_NO_COMMON_BLOCKS = YES;
				GCC_WARN_64_TO_32_BIT_CONVERSION = YES;
				GCC_WARN_ABOUT_RETURN_TYPE = YES_ERROR;
				GCC_WARN_UNDECLARED_SELECTOR = YES;
				GCC_WARN_UNINITIALIZED_AUTOS = YES_AGGRESSIVE;
				GCC_WARN_UNUSED_FUNCTION = YES;
				GCC_WARN_UNUSED_VARIABLE = YES;
				IPHONEOS_DEPLOYMENT_TARGET = 16.0;
				MTL_ENABLE_DEBUG_INFO = NO;
				MTL_FAST_MATH = YES;
				SDKROOT = iphoneos;
				SWIFT_COMPILATION_MODE = wholemodule;
				SWIFT_OPTIMIZATION_LEVEL = "-O";
				VALIDATE_PRODUCT = YES;
			};
			name = Release;
		};
		DCD4F3CC290D374D00E18516 /* Debug */ = {
			isa = XCBuildConfiguration;
			buildSettings = {
				ASSETCATALOG_COMPILER_APPICON_NAME = AppIcon;
				ASSETCATALOG_COMPILER_GLOBAL_ACCENT_COLOR_NAME = AccentColor;
				CODE_SIGN_STYLE = Automatic;
				CURRENT_PROJECT_VERSION = 1;
				DEVELOPMENT_TEAM = G22R3G9GQ9;
				GENERATE_INFOPLIST_FILE = YES;
				INFOPLIST_FILE = Grandpax/Info.plist;
				INFOPLIST_KEY_UIApplicationSupportsIndirectInputEvents = YES;
				INFOPLIST_KEY_UILaunchStoryboardName = LaunchScreen;
				INFOPLIST_KEY_UIMainStoryboardFile = Main;
				INFOPLIST_KEY_UISupportedInterfaceOrientations_iPad = "UIInterfaceOrientationPortrait UIInterfaceOrientationPortraitUpsideDown UIInterfaceOrientationLandscapeLeft UIInterfaceOrientationLandscapeRight";
				INFOPLIST_KEY_UISupportedInterfaceOrientations_iPhone = "UIInterfaceOrientationPortrait UIInterfaceOrientationLandscapeLeft UIInterfaceOrientationLandscapeRight";
				IPHONEOS_DEPLOYMENT_TARGET = 15.0;
				LD_RUNPATH_SEARCH_PATHS = (
					"$(inherited)",
					"@executable_path/Frameworks",
				);
				MARKETING_VERSION = 1.0;
				PRODUCT_BUNDLE_IDENTIFIER = com.alexalbu.Grandpax;
				PRODUCT_NAME = "$(TARGET_NAME)";
				SWIFT_EMIT_LOC_STRINGS = YES;
				SWIFT_VERSION = 5.0;
				TARGETED_DEVICE_FAMILY = "1,2";
			};
			name = Debug;
		};
		DCD4F3CD290D374D00E18516 /* Release */ = {
			isa = XCBuildConfiguration;
			buildSettings = {
				ASSETCATALOG_COMPILER_APPICON_NAME = AppIcon;
				ASSETCATALOG_COMPILER_GLOBAL_ACCENT_COLOR_NAME = AccentColor;
				CODE_SIGN_STYLE = Automatic;
				CURRENT_PROJECT_VERSION = 1;
				DEVELOPMENT_TEAM = G22R3G9GQ9;
				GENERATE_INFOPLIST_FILE = YES;
				INFOPLIST_FILE = Grandpax/Info.plist;
				INFOPLIST_KEY_UIApplicationSupportsIndirectInputEvents = YES;
				INFOPLIST_KEY_UILaunchStoryboardName = LaunchScreen;
				INFOPLIST_KEY_UIMainStoryboardFile = Main;
				INFOPLIST_KEY_UISupportedInterfaceOrientations_iPad = "UIInterfaceOrientationPortrait UIInterfaceOrientationPortraitUpsideDown UIInterfaceOrientationLandscapeLeft UIInterfaceOrientationLandscapeRight";
				INFOPLIST_KEY_UISupportedInterfaceOrientations_iPhone = "UIInterfaceOrientationPortrait UIInterfaceOrientationLandscapeLeft UIInterfaceOrientationLandscapeRight";
				IPHONEOS_DEPLOYMENT_TARGET = 15.0;
				LD_RUNPATH_SEARCH_PATHS = (
					"$(inherited)",
					"@executable_path/Frameworks",
				);
				MARKETING_VERSION = 1.0;
				PRODUCT_BUNDLE_IDENTIFIER = com.alexalbu.Grandpax;
				PRODUCT_NAME = "$(TARGET_NAME)";
				SWIFT_EMIT_LOC_STRINGS = YES;
				SWIFT_VERSION = 5.0;
				TARGETED_DEVICE_FAMILY = "1,2";
			};
			name = Release;
		};
/* End XCBuildConfiguration section */

/* Begin XCConfigurationList section */
		DCD4F3AF290D374900E18516 /* Build configuration list for PBXProject "Grandpax" */ = {
			isa = XCConfigurationList;
			buildConfigurations = (
				DCD4F3C9290D374D00E18516 /* Debug */,
				DCD4F3CA290D374D00E18516 /* Release */,
			);
			defaultConfigurationIsVisible = 0;
			defaultConfigurationName = Release;
		};
		DCD4F3CB290D374D00E18516 /* Build configuration list for PBXNativeTarget "Grandpax" */ = {
			isa = XCConfigurationList;
			buildConfigurations = (
				DCD4F3CC290D374D00E18516 /* Debug */,
				DCD4F3CD290D374D00E18516 /* Release */,
			);
			defaultConfigurationIsVisible = 0;
			defaultConfigurationName = Release;
		};
/* End XCConfigurationList section */

/* Begin XCVersionGroup section */
		DCD4F3C0290D374900E18516 /* Grandpax.xcdatamodeld */ = {
			isa = XCVersionGroup;
			children = (
				DCD4F3C1290D374900E18516 /* Grandpax.xcdatamodel */,
			);
			currentVersion = DCD4F3C1290D374900E18516 /* Grandpax.xcdatamodel */;
			path = Grandpax.xcdatamodeld;
			sourceTree = "<group>";
			versionGroupType = wrapper.xcdatamodel;
		};
/* End XCVersionGroup section */
	};
	rootObject = DCD4F3AC290D374900E18516 /* Project object */;
}
