// !$*UTF8*$!
{
	archiveVersion = 1;
	classes = {
	};
	objectVersion = 56;
	objects = {

/* Begin PBXBuildFile section */
		145CF09BDC07E28AE5F930B8 /* Pods_GrandpaxTests.framework in Frameworks */ = {isa = PBXBuildFile; fileRef = BD4AAA1ED9F89CCEB40DB033 /* Pods_GrandpaxTests.framework */; };
		6F00A0856C3686B173649C56 /* Pods_Grandpax.framework in Frameworks */ = {isa = PBXBuildFile; fileRef = 1D57F3652023ECDE81BA4FBA /* Pods_Grandpax.framework */; };
		DC09C7AA2A3F2362009BE60A /* SessionsViewModelTests.swift in Sources */ = {isa = PBXBuildFile; fileRef = DC09C7A92A3F2362009BE60A /* SessionsViewModelTests.swift */; };
		DC09C7B12A3F2D15009BE60A /* SettingsViewModelTests.swift in Sources */ = {isa = PBXBuildFile; fileRef = DC09C7B02A3F2D15009BE60A /* SettingsViewModelTests.swift */; };
		DC09C7B32A3F3056009BE60A /* MapViewModelTests.swift in Sources */ = {isa = PBXBuildFile; fileRef = DC09C7B22A3F3056009BE60A /* MapViewModelTests.swift */; };
		DC133DB22916C475000B5046 /* TrackViewModel.swift in Sources */ = {isa = PBXBuildFile; fileRef = DC133DB12916C475000B5046 /* TrackViewModel.swift */; };
		DC133DB4291709C0000B5046 /* StatisticsView.swift in Sources */ = {isa = PBXBuildFile; fileRef = DC133DB3291709C0000B5046 /* StatisticsView.swift */; };
		DC16514E29BA8DF800E9990B /* ToastService.swift in Sources */ = {isa = PBXBuildFile; fileRef = DC16514D29BA8DF800E9990B /* ToastService.swift */; };
		DC18837829B92F60001FD2DD /* Session.swift in Sources */ = {isa = PBXBuildFile; fileRef = DC18837729B92F60001FD2DD /* Session.swift */; };
		DC1B12452922286B00AF9A18 /* Alerts.swift in Sources */ = {isa = PBXBuildFile; fileRef = DC1B12442922286B00AF9A18 /* Alerts.swift */; };
		DC489F2C291B8EFE005B401A /* Double+Extensions.swift in Sources */ = {isa = PBXBuildFile; fileRef = DC489F2B291B8EFE005B401A /* Double+Extensions.swift */; };
		DC80CD44292AA71700DAB655 /* CLLocationCoordinate2D+Extensions.swift in Sources */ = {isa = PBXBuildFile; fileRef = DC80CD43292AA71700DAB655 /* CLLocationCoordinate2D+Extensions.swift */; };
		DC961CF729DCB10900E02154 /* BiometricsManager.swift in Sources */ = {isa = PBXBuildFile; fileRef = DC961CF629DCB10900E02154 /* BiometricsManager.swift */; };
		DC96DB56291AEFDA00688A91 /* CMAcceleration+Extensions.swift in Sources */ = {isa = PBXBuildFile; fileRef = DC96DB55291AEFDA00688A91 /* CMAcceleration+Extensions.swift */; };
		DCA65CBF2938FEDD00B2C7B7 /* SettingsView.swift in Sources */ = {isa = PBXBuildFile; fileRef = DCA65CBE2938FEDD00B2C7B7 /* SettingsView.swift */; };
		DCA65CC12939048300B2C7B7 /* SettingsViewModel.swift in Sources */ = {isa = PBXBuildFile; fileRef = DCA65CC02939048300B2C7B7 /* SettingsViewModel.swift */; };
		DCA65CC329391BCE00B2C7B7 /* UserDefaultsManager.swift in Sources */ = {isa = PBXBuildFile; fileRef = DCA65CC229391BCE00B2C7B7 /* UserDefaultsManager.swift */; };
		DCB6E8F129832439006BAF76 /* SessionsView.swift in Sources */ = {isa = PBXBuildFile; fileRef = DCB6E8F029832439006BAF76 /* SessionsView.swift */; };
		DCC78C7F2937B87300CF2F8B /* MapView.swift in Sources */ = {isa = PBXBuildFile; fileRef = DCC78C7E2937B87300CF2F8B /* MapView.swift */; };
		DCC78C812937B8A200CF2F8B /* MapViewModel.swift in Sources */ = {isa = PBXBuildFile; fileRef = DCC78C802937B8A200CF2F8B /* MapViewModel.swift */; };
		DCD2C6EC29573267006FFF73 /* Theme.swift in Sources */ = {isa = PBXBuildFile; fileRef = DCD2C6EB29573267006FFF73 /* Theme.swift */; };
		DCD4F3B8290D374900E18516 /* AppDelegate.swift in Sources */ = {isa = PBXBuildFile; fileRef = DCD4F3B7290D374900E18516 /* AppDelegate.swift */; };
		DCD4F3BA290D374900E18516 /* SceneDelegate.swift in Sources */ = {isa = PBXBuildFile; fileRef = DCD4F3B9290D374900E18516 /* SceneDelegate.swift */; };
		DCD4F3BC290D374900E18516 /* MainViewController.swift in Sources */ = {isa = PBXBuildFile; fileRef = DCD4F3BB290D374900E18516 /* MainViewController.swift */; };
		DCD4F3BF290D374900E18516 /* Main.storyboard in Resources */ = {isa = PBXBuildFile; fileRef = DCD4F3BD290D374900E18516 /* Main.storyboard */; };
		DCD4F3C4290D374D00E18516 /* Assets.xcassets in Resources */ = {isa = PBXBuildFile; fileRef = DCD4F3C3290D374D00E18516 /* Assets.xcassets */; };
		DCD4F3C7290D374D00E18516 /* LaunchScreen.storyboard in Resources */ = {isa = PBXBuildFile; fileRef = DCD4F3C5290D374D00E18516 /* LaunchScreen.storyboard */; };
		DCD4F3D0290D63AD00E18516 /* Colors.swift in Sources */ = {isa = PBXBuildFile; fileRef = DCD4F3CF290D63AD00E18516 /* Colors.swift */; };
		DCD4F3D2290D6F9D00E18516 /* CommonStrings.swift in Sources */ = {isa = PBXBuildFile; fileRef = DCD4F3D1290D6F9D00E18516 /* CommonStrings.swift */; };
		DCD4F3D5290E711300E18516 /* UIView+Extensions.swift in Sources */ = {isa = PBXBuildFile; fileRef = DCD4F3D4290E711300E18516 /* UIView+Extensions.swift */; };
		DCD4F3D7290E7FCB00E18516 /* CornerRadius.swift in Sources */ = {isa = PBXBuildFile; fileRef = DCD4F3D6290E7FCB00E18516 /* CornerRadius.swift */; };
		DCDACE2429FEF84700A8A049 /* ToastType.swift in Sources */ = {isa = PBXBuildFile; fileRef = DCDACE2329FEF84700A8A049 /* ToastType.swift */; };
		DCDACE2629FF148800A8A049 /* UIApplication+Extensions.swift in Sources */ = {isa = PBXBuildFile; fileRef = DCDACE2529FF148800A8A049 /* UIApplication+Extensions.swift */; };
		DCDFC8BA29C2596D00C61DA5 /* SessionsViewModel.swift in Sources */ = {isa = PBXBuildFile; fileRef = DCDFC8B929C2596D00C61DA5 /* SessionsViewModel.swift */; };
		DCEE27BA291663A400F6BDD4 /* MKMapView+Extensions.swift in Sources */ = {isa = PBXBuildFile; fileRef = DCEE27B9291663A400F6BDD4 /* MKMapView+Extensions.swift */; };
		DCEE27C029166D2600F6BDD4 /* TrackView.swift in Sources */ = {isa = PBXBuildFile; fileRef = DCEE27BF29166D2600F6BDD4 /* TrackView.swift */; };
		DCEE27C229167A0200F6BDD4 /* ActionButton.swift in Sources */ = {isa = PBXBuildFile; fileRef = DCEE27C129167A0200F6BDD4 /* ActionButton.swift */; };
/* End PBXBuildFile section */

/* Begin PBXContainerItemProxy section */
		DC09C7AB2A3F2362009BE60A /* PBXContainerItemProxy */ = {
			isa = PBXContainerItemProxy;
			containerPortal = DCD4F3AC290D374900E18516 /* Project object */;
			proxyType = 1;
			remoteGlobalIDString = DCD4F3B3290D374900E18516;
			remoteInfo = Grandpax;
		};
/* End PBXContainerItemProxy section */

/* Begin PBXFileReference section */
		1D57F3652023ECDE81BA4FBA /* Pods_Grandpax.framework */ = {isa = PBXFileReference; explicitFileType = wrapper.framework; includeInIndex = 0; path = Pods_Grandpax.framework; sourceTree = BUILT_PRODUCTS_DIR; };
		6D53127C9AAF771F97F3B4EB /* Pods-GrandpaxTests.release.xcconfig */ = {isa = PBXFileReference; includeInIndex = 1; lastKnownFileType = text.xcconfig; name = "Pods-GrandpaxTests.release.xcconfig"; path = "Target Support Files/Pods-GrandpaxTests/Pods-GrandpaxTests.release.xcconfig"; sourceTree = "<group>"; };
		71C0B9CF7586EA74B98F2F2A /* Pods-GrandpaxTests.debug.xcconfig */ = {isa = PBXFileReference; includeInIndex = 1; lastKnownFileType = text.xcconfig; name = "Pods-GrandpaxTests.debug.xcconfig"; path = "Target Support Files/Pods-GrandpaxTests/Pods-GrandpaxTests.debug.xcconfig"; sourceTree = "<group>"; };
		AAA68B2C95BE97D9AD5285BD /* Pods-Grandpax.debug.xcconfig */ = {isa = PBXFileReference; includeInIndex = 1; lastKnownFileType = text.xcconfig; name = "Pods-Grandpax.debug.xcconfig"; path = "Target Support Files/Pods-Grandpax/Pods-Grandpax.debug.xcconfig"; sourceTree = "<group>"; };
		BD4AAA1ED9F89CCEB40DB033 /* Pods_GrandpaxTests.framework */ = {isa = PBXFileReference; explicitFileType = wrapper.framework; includeInIndex = 0; path = Pods_GrandpaxTests.framework; sourceTree = BUILT_PRODUCTS_DIR; };
		DC09C7A72A3F2362009BE60A /* GrandpaxTests.xctest */ = {isa = PBXFileReference; explicitFileType = wrapper.cfbundle; includeInIndex = 0; path = GrandpaxTests.xctest; sourceTree = BUILT_PRODUCTS_DIR; };
		DC09C7A92A3F2362009BE60A /* SessionsViewModelTests.swift */ = {isa = PBXFileReference; lastKnownFileType = sourcecode.swift; path = SessionsViewModelTests.swift; sourceTree = "<group>"; };
		DC09C7B02A3F2D15009BE60A /* SettingsViewModelTests.swift */ = {isa = PBXFileReference; lastKnownFileType = sourcecode.swift; path = SettingsViewModelTests.swift; sourceTree = "<group>"; };
		DC09C7B22A3F3056009BE60A /* MapViewModelTests.swift */ = {isa = PBXFileReference; lastKnownFileType = sourcecode.swift; path = MapViewModelTests.swift; sourceTree = "<group>"; };
		DC133DB12916C475000B5046 /* TrackViewModel.swift */ = {isa = PBXFileReference; lastKnownFileType = sourcecode.swift; path = TrackViewModel.swift; sourceTree = "<group>"; };
		DC133DB3291709C0000B5046 /* StatisticsView.swift */ = {isa = PBXFileReference; lastKnownFileType = sourcecode.swift; path = StatisticsView.swift; sourceTree = "<group>"; };
		DC16514D29BA8DF800E9990B /* ToastService.swift */ = {isa = PBXFileReference; lastKnownFileType = sourcecode.swift; path = ToastService.swift; sourceTree = "<group>"; };
		DC18837729B92F60001FD2DD /* Session.swift */ = {isa = PBXFileReference; lastKnownFileType = sourcecode.swift; path = Session.swift; sourceTree = "<group>"; };
		DC1B12442922286B00AF9A18 /* Alerts.swift */ = {isa = PBXFileReference; lastKnownFileType = sourcecode.swift; path = Alerts.swift; sourceTree = "<group>"; };
		DC489F2B291B8EFE005B401A /* Double+Extensions.swift */ = {isa = PBXFileReference; lastKnownFileType = sourcecode.swift; path = "Double+Extensions.swift"; sourceTree = "<group>"; };
		DC80CD43292AA71700DAB655 /* CLLocationCoordinate2D+Extensions.swift */ = {isa = PBXFileReference; lastKnownFileType = sourcecode.swift; path = "CLLocationCoordinate2D+Extensions.swift"; sourceTree = "<group>"; };
		DC961CF629DCB10900E02154 /* BiometricsManager.swift */ = {isa = PBXFileReference; lastKnownFileType = sourcecode.swift; path = BiometricsManager.swift; sourceTree = "<group>"; };
		DC96DB55291AEFDA00688A91 /* CMAcceleration+Extensions.swift */ = {isa = PBXFileReference; lastKnownFileType = sourcecode.swift; path = "CMAcceleration+Extensions.swift"; sourceTree = "<group>"; };
		DCA65CBE2938FEDD00B2C7B7 /* SettingsView.swift */ = {isa = PBXFileReference; lastKnownFileType = sourcecode.swift; path = SettingsView.swift; sourceTree = "<group>"; };
		DCA65CC02939048300B2C7B7 /* SettingsViewModel.swift */ = {isa = PBXFileReference; lastKnownFileType = sourcecode.swift; path = SettingsViewModel.swift; sourceTree = "<group>"; };
		DCA65CC229391BCE00B2C7B7 /* UserDefaultsManager.swift */ = {isa = PBXFileReference; lastKnownFileType = sourcecode.swift; path = UserDefaultsManager.swift; sourceTree = "<group>"; };
		DCB6E8F029832439006BAF76 /* SessionsView.swift */ = {isa = PBXFileReference; lastKnownFileType = sourcecode.swift; path = SessionsView.swift; sourceTree = "<group>"; };
		DCC78C7E2937B87300CF2F8B /* MapView.swift */ = {isa = PBXFileReference; lastKnownFileType = sourcecode.swift; path = MapView.swift; sourceTree = "<group>"; };
		DCC78C802937B8A200CF2F8B /* MapViewModel.swift */ = {isa = PBXFileReference; lastKnownFileType = sourcecode.swift; path = MapViewModel.swift; sourceTree = "<group>"; };
		DCD2C6EB29573267006FFF73 /* Theme.swift */ = {isa = PBXFileReference; lastKnownFileType = sourcecode.swift; path = Theme.swift; sourceTree = "<group>"; };
		DCD4F3B4290D374900E18516 /* Grandpax.app */ = {isa = PBXFileReference; explicitFileType = wrapper.application; includeInIndex = 0; path = Grandpax.app; sourceTree = BUILT_PRODUCTS_DIR; };
		DCD4F3B7290D374900E18516 /* AppDelegate.swift */ = {isa = PBXFileReference; lastKnownFileType = sourcecode.swift; path = AppDelegate.swift; sourceTree = "<group>"; };
		DCD4F3B9290D374900E18516 /* SceneDelegate.swift */ = {isa = PBXFileReference; lastKnownFileType = sourcecode.swift; path = SceneDelegate.swift; sourceTree = "<group>"; };
		DCD4F3BB290D374900E18516 /* MainViewController.swift */ = {isa = PBXFileReference; lastKnownFileType = sourcecode.swift; path = MainViewController.swift; sourceTree = "<group>"; };
		DCD4F3BE290D374900E18516 /* Base */ = {isa = PBXFileReference; lastKnownFileType = file.storyboard; name = Base; path = Base.lproj/Main.storyboard; sourceTree = "<group>"; };
		DCD4F3C3290D374D00E18516 /* Assets.xcassets */ = {isa = PBXFileReference; lastKnownFileType = folder.assetcatalog; path = Assets.xcassets; sourceTree = "<group>"; };
		DCD4F3C6290D374D00E18516 /* Base */ = {isa = PBXFileReference; lastKnownFileType = file.storyboard; name = Base; path = Base.lproj/LaunchScreen.storyboard; sourceTree = "<group>"; };
		DCD4F3C8290D374D00E18516 /* Info.plist */ = {isa = PBXFileReference; lastKnownFileType = text.plist.xml; path = Info.plist; sourceTree = "<group>"; };
		DCD4F3CF290D63AD00E18516 /* Colors.swift */ = {isa = PBXFileReference; lastKnownFileType = sourcecode.swift; path = Colors.swift; sourceTree = "<group>"; };
		DCD4F3D1290D6F9D00E18516 /* CommonStrings.swift */ = {isa = PBXFileReference; lastKnownFileType = sourcecode.swift; path = CommonStrings.swift; sourceTree = "<group>"; };
		DCD4F3D4290E711300E18516 /* UIView+Extensions.swift */ = {isa = PBXFileReference; lastKnownFileType = sourcecode.swift; path = "UIView+Extensions.swift"; sourceTree = "<group>"; };
		DCD4F3D6290E7FCB00E18516 /* CornerRadius.swift */ = {isa = PBXFileReference; lastKnownFileType = sourcecode.swift; path = CornerRadius.swift; sourceTree = "<group>"; };
		DCDACE2329FEF84700A8A049 /* ToastType.swift */ = {isa = PBXFileReference; lastKnownFileType = sourcecode.swift; path = ToastType.swift; sourceTree = "<group>"; };
		DCDACE2529FF148800A8A049 /* UIApplication+Extensions.swift */ = {isa = PBXFileReference; lastKnownFileType = sourcecode.swift; path = "UIApplication+Extensions.swift"; sourceTree = "<group>"; };
		DCDFC8B929C2596D00C61DA5 /* SessionsViewModel.swift */ = {isa = PBXFileReference; lastKnownFileType = sourcecode.swift; path = SessionsViewModel.swift; sourceTree = "<group>"; };
		DCEE27B9291663A400F6BDD4 /* MKMapView+Extensions.swift */ = {isa = PBXFileReference; lastKnownFileType = sourcecode.swift; path = "MKMapView+Extensions.swift"; sourceTree = "<group>"; };
		DCEE27BF29166D2600F6BDD4 /* TrackView.swift */ = {isa = PBXFileReference; lastKnownFileType = sourcecode.swift; path = TrackView.swift; sourceTree = "<group>"; };
		DCEE27C129167A0200F6BDD4 /* ActionButton.swift */ = {isa = PBXFileReference; lastKnownFileType = sourcecode.swift; path = ActionButton.swift; sourceTree = "<group>"; };
		FBF4460F01258B7C4CDB5718 /* Pods-Grandpax.release.xcconfig */ = {isa = PBXFileReference; includeInIndex = 1; lastKnownFileType = text.xcconfig; name = "Pods-Grandpax.release.xcconfig"; path = "Target Support Files/Pods-Grandpax/Pods-Grandpax.release.xcconfig"; sourceTree = "<group>"; };
/* End PBXFileReference section */

/* Begin PBXFrameworksBuildPhase section */
		DC09C7A42A3F2362009BE60A /* Frameworks */ = {
			isa = PBXFrameworksBuildPhase;
			buildActionMask = 2147483647;
			files = (
				145CF09BDC07E28AE5F930B8 /* Pods_GrandpaxTests.framework in Frameworks */,
			);
			runOnlyForDeploymentPostprocessing = 0;
		};
		DCD4F3B1290D374900E18516 /* Frameworks */ = {
			isa = PBXFrameworksBuildPhase;
			buildActionMask = 2147483647;
			files = (
				6F00A0856C3686B173649C56 /* Pods_Grandpax.framework in Frameworks */,
			);
			runOnlyForDeploymentPostprocessing = 0;
		};
/* End PBXFrameworksBuildPhase section */

/* Begin PBXGroup section */
		3B1E317C7F35FEF53E5B58BF /* Pods */ = {
			isa = PBXGroup;
			children = (
				AAA68B2C95BE97D9AD5285BD /* Pods-Grandpax.debug.xcconfig */,
				FBF4460F01258B7C4CDB5718 /* Pods-Grandpax.release.xcconfig */,
				71C0B9CF7586EA74B98F2F2A /* Pods-GrandpaxTests.debug.xcconfig */,
				6D53127C9AAF771F97F3B4EB /* Pods-GrandpaxTests.release.xcconfig */,
			);
			path = Pods;
			sourceTree = "<group>";
		};
		59300C319FD2E0DF8DFA06F1 /* Frameworks */ = {
			isa = PBXGroup;
			children = (
				1D57F3652023ECDE81BA4FBA /* Pods_Grandpax.framework */,
				BD4AAA1ED9F89CCEB40DB033 /* Pods_GrandpaxTests.framework */,
			);
			name = Frameworks;
			sourceTree = "<group>";
		};
		DC09C7A82A3F2362009BE60A /* GrandpaxTests */ = {
			isa = PBXGroup;
			children = (
				DC09C7A92A3F2362009BE60A /* SessionsViewModelTests.swift */,
				DC09C7B02A3F2D15009BE60A /* SettingsViewModelTests.swift */,
				DC09C7B22A3F3056009BE60A /* MapViewModelTests.swift */,
			);
			path = GrandpaxTests;
			sourceTree = "<group>";
		};
		DC10342D295B81990084AC9F /* Statistics */ = {
			isa = PBXGroup;
			children = (
				DC133DB3291709C0000B5046 /* StatisticsView.swift */,
			);
			path = Statistics;
			sourceTree = "<group>";
		};
		DC16514C29BA8DCF00E9990B /* Custom */ = {
			isa = PBXGroup;
			children = (
				DCD4F3CF290D63AD00E18516 /* Colors.swift */,
				DCD4F3D1290D6F9D00E18516 /* CommonStrings.swift */,
				DCD4F3D6290E7FCB00E18516 /* CornerRadius.swift */,
				DC1B12442922286B00AF9A18 /* Alerts.swift */,
				DCA65CC229391BCE00B2C7B7 /* UserDefaultsManager.swift */,
				DCD2C6EB29573267006FFF73 /* Theme.swift */,
				DC16514D29BA8DF800E9990B /* ToastService.swift */,
				DC961CF629DCB10900E02154 /* BiometricsManager.swift */,
				DCDACE2329FEF84700A8A049 /* ToastType.swift */,
			);
			path = Custom;
			sourceTree = "<group>";
		};
		DC18837629B92F1F001FD2DD /* Model */ = {
			isa = PBXGroup;
			children = (
				DC18837729B92F60001FD2DD /* Session.swift */,
			);
			path = Model;
			sourceTree = "<group>";
		};
		DC3FC46A2911291500F482C8 /* ViewController */ = {
			isa = PBXGroup;
			children = (
				DCD4F3BD290D374900E18516 /* Main.storyboard */,
				DCD4F3BB290D374900E18516 /* MainViewController.swift */,
			);
			path = ViewController;
			sourceTree = "<group>";
		};
		DCA65CBD2938FECB00B2C7B7 /* SettingsView+Model */ = {
			isa = PBXGroup;
			children = (
				DCA65CBE2938FEDD00B2C7B7 /* SettingsView.swift */,
				DCA65CC02939048300B2C7B7 /* SettingsViewModel.swift */,
			);
			path = "SettingsView+Model";
			sourceTree = "<group>";
		};
		DCB6E8EF298323A9006BAF76 /* SessionsView+Model */ = {
			isa = PBXGroup;
			children = (
				DCB6E8F029832439006BAF76 /* SessionsView.swift */,
				DCDFC8B929C2596D00C61DA5 /* SessionsViewModel.swift */,
			);
			path = "SessionsView+Model";
			sourceTree = "<group>";
		};
		DCC78C822937C28300CF2F8B /* TrackView+Model */ = {
			isa = PBXGroup;
			children = (
				DCEE27BF29166D2600F6BDD4 /* TrackView.swift */,
				DC133DB12916C475000B5046 /* TrackViewModel.swift */,
			);
			path = "TrackView+Model";
			sourceTree = "<group>";
		};
		DCC78C832937C29F00CF2F8B /* MapView+Model */ = {
			isa = PBXGroup;
			children = (
				DCC78C7E2937B87300CF2F8B /* MapView.swift */,
				DCC78C802937B8A200CF2F8B /* MapViewModel.swift */,
			);
			path = "MapView+Model";
			sourceTree = "<group>";
		};
		DCD4F3AB290D374900E18516 = {
			isa = PBXGroup;
			children = (
				DCD4F3B6290D374900E18516 /* Grandpax */,
				DC09C7A82A3F2362009BE60A /* GrandpaxTests */,
				DCD4F3B5290D374900E18516 /* Products */,
				3B1E317C7F35FEF53E5B58BF /* Pods */,
				59300C319FD2E0DF8DFA06F1 /* Frameworks */,
			);
			sourceTree = "<group>";
		};
		DCD4F3B5290D374900E18516 /* Products */ = {
			isa = PBXGroup;
			children = (
				DCD4F3B4290D374900E18516 /* Grandpax.app */,
				DC09C7A72A3F2362009BE60A /* GrandpaxTests.xctest */,
			);
			name = Products;
			sourceTree = "<group>";
		};
		DCD4F3B6290D374900E18516 /* Grandpax */ = {
			isa = PBXGroup;
			children = (
				DC18837629B92F1F001FD2DD /* Model */,
				DCEE27BE29166CF900F6BDD4 /* SwiftUI */,
				DCD4F3C8290D374D00E18516 /* Info.plist */,
				DC3FC46A2911291500F482C8 /* ViewController */,
				DCD4F3D3290E710100E18516 /* Extensions */,
				DCD4F3CE290D639300E18516 /* Utils */,
			);
			path = Grandpax;
			sourceTree = "<group>";
		};
		DCD4F3CE290D639300E18516 /* Utils */ = {
			isa = PBXGroup;
			children = (
				DC16514C29BA8DCF00E9990B /* Custom */,
				DCD4F3C3290D374D00E18516 /* Assets.xcassets */,
				DCD4F3C5290D374D00E18516 /* LaunchScreen.storyboard */,
				DCD4F3B7290D374900E18516 /* AppDelegate.swift */,
				DCD4F3B9290D374900E18516 /* SceneDelegate.swift */,
			);
			path = Utils;
			sourceTree = "<group>";
		};
		DCD4F3D3290E710100E18516 /* Extensions */ = {
			isa = PBXGroup;
			children = (
				DCD4F3D4290E711300E18516 /* UIView+Extensions.swift */,
				DCEE27B9291663A400F6BDD4 /* MKMapView+Extensions.swift */,
				DC96DB55291AEFDA00688A91 /* CMAcceleration+Extensions.swift */,
				DC489F2B291B8EFE005B401A /* Double+Extensions.swift */,
				DC80CD43292AA71700DAB655 /* CLLocationCoordinate2D+Extensions.swift */,
				DCDACE2529FF148800A8A049 /* UIApplication+Extensions.swift */,
			);
			path = Extensions;
			sourceTree = "<group>";
		};
		DCEE27BE29166CF900F6BDD4 /* SwiftUI */ = {
			isa = PBXGroup;
			children = (
				DCB6E8EF298323A9006BAF76 /* SessionsView+Model */,
				DC10342D295B81990084AC9F /* Statistics */,
				DCA65CBD2938FECB00B2C7B7 /* SettingsView+Model */,
				DCC78C832937C29F00CF2F8B /* MapView+Model */,
				DCC78C822937C28300CF2F8B /* TrackView+Model */,
				DCEE27C129167A0200F6BDD4 /* ActionButton.swift */,
			);
			path = SwiftUI;
			sourceTree = "<group>";
		};
/* End PBXGroup section */

/* Begin PBXNativeTarget section */
		DC09C7A62A3F2362009BE60A /* GrandpaxTests */ = {
			isa = PBXNativeTarget;
			buildConfigurationList = DC09C7AF2A3F2363009BE60A /* Build configuration list for PBXNativeTarget "GrandpaxTests" */;
			buildPhases = (
				5BF02DD2C09A2DC86D673735 /* [CP] Check Pods Manifest.lock */,
				DC09C7A32A3F2362009BE60A /* Sources */,
				DC09C7A42A3F2362009BE60A /* Frameworks */,
				DC09C7A52A3F2362009BE60A /* Resources */,
				1ACF08F5A264D7AC557D9833 /* [CP] Embed Pods Frameworks */,
			);
			buildRules = (
			);
			dependencies = (
				DC09C7AC2A3F2362009BE60A /* PBXTargetDependency */,
			);
			name = GrandpaxTests;
			productName = GrandpaxTests;
			productReference = DC09C7A72A3F2362009BE60A /* GrandpaxTests.xctest */;
			productType = "com.apple.product-type.bundle.unit-test";
		};
		DCD4F3B3290D374900E18516 /* Grandpax */ = {
			isa = PBXNativeTarget;
			buildConfigurationList = DCD4F3CB290D374D00E18516 /* Build configuration list for PBXNativeTarget "Grandpax" */;
			buildPhases = (
				9BDF782E14CE7A9DBE01873F /* [CP] Check Pods Manifest.lock */,
				DCD4F3B0290D374900E18516 /* Sources */,
				DCD4F3B1290D374900E18516 /* Frameworks */,
				DCD4F3B2290D374900E18516 /* Resources */,
				616AF81441CADBEEA4E75C84 /* [CP] Embed Pods Frameworks */,
			);
			buildRules = (
			);
			dependencies = (
			);
			name = Grandpax;
			productName = Grandpax;
			productReference = DCD4F3B4290D374900E18516 /* Grandpax.app */;
			productType = "com.apple.product-type.application";
		};
/* End PBXNativeTarget section */

/* Begin PBXProject section */
		DCD4F3AC290D374900E18516 /* Project object */ = {
			isa = PBXProject;
			attributes = {
				BuildIndependentTargetsInParallel = 1;
				LastSwiftUpdateCheck = 1430;
				LastUpgradeCheck = 1400;
				TargetAttributes = {
					DC09C7A62A3F2362009BE60A = {
						CreatedOnToolsVersion = 14.3.1;
						TestTargetID = DCD4F3B3290D374900E18516;
					};
					DCD4F3B3290D374900E18516 = {
						CreatedOnToolsVersion = 14.0.1;
					};
				};
			};
			buildConfigurationList = DCD4F3AF290D374900E18516 /* Build configuration list for PBXProject "Grandpax" */;
			compatibilityVersion = "Xcode 14.0";
			developmentRegion = en;
			hasScannedForEncodings = 0;
			knownRegions = (
				en,
				Base,
			);
			mainGroup = DCD4F3AB290D374900E18516;
			productRefGroup = DCD4F3B5290D374900E18516 /* Products */;
			projectDirPath = "";
			projectRoot = "";
			targets = (
				DCD4F3B3290D374900E18516 /* Grandpax */,
				DC09C7A62A3F2362009BE60A /* GrandpaxTests */,
			);
		};
/* End PBXProject section */

/* Begin PBXResourcesBuildPhase section */
		DC09C7A52A3F2362009BE60A /* Resources */ = {
			isa = PBXResourcesBuildPhase;
			buildActionMask = 2147483647;
			files = (
			);
			runOnlyForDeploymentPostprocessing = 0;
		};
		DCD4F3B2290D374900E18516 /* Resources */ = {
			isa = PBXResourcesBuildPhase;
			buildActionMask = 2147483647;
			files = (
				DCD4F3C7290D374D00E18516 /* LaunchScreen.storyboard in Resources */,
				DCD4F3C4290D374D00E18516 /* Assets.xcassets in Resources */,
				DCD4F3BF290D374900E18516 /* Main.storyboard in Resources */,
			);
			runOnlyForDeploymentPostprocessing = 0;
		};
/* End PBXResourcesBuildPhase section */

/* Begin PBXShellScriptBuildPhase section */
		1ACF08F5A264D7AC557D9833 /* [CP] Embed Pods Frameworks */ = {
			isa = PBXShellScriptBuildPhase;
			buildActionMask = 2147483647;
			files = (
			);
			inputFileListPaths = (
				"${PODS_ROOT}/Target Support Files/Pods-GrandpaxTests/Pods-GrandpaxTests-frameworks-${CONFIGURATION}-input-files.xcfilelist",
			);
			name = "[CP] Embed Pods Frameworks";
			outputFileListPaths = (
				"${PODS_ROOT}/Target Support Files/Pods-GrandpaxTests/Pods-GrandpaxTests-frameworks-${CONFIGURATION}-output-files.xcfilelist",
			);
			runOnlyForDeploymentPostprocessing = 0;
			shellPath = /bin/sh;
			shellScript = "\"${PODS_ROOT}/Target Support Files/Pods-GrandpaxTests/Pods-GrandpaxTests-frameworks.sh\"\n";
			showEnvVarsInLog = 0;
		};
		5BF02DD2C09A2DC86D673735 /* [CP] Check Pods Manifest.lock */ = {
			isa = PBXShellScriptBuildPhase;
			buildActionMask = 2147483647;
			files = (
			);
			inputFileListPaths = (
			);
			inputPaths = (
				"${PODS_PODFILE_DIR_PATH}/Podfile.lock",
				"${PODS_ROOT}/Manifest.lock",
			);
			name = "[CP] Check Pods Manifest.lock";
			outputFileListPaths = (
			);
			outputPaths = (
				"$(DERIVED_FILE_DIR)/Pods-GrandpaxTests-checkManifestLockResult.txt",
			);
			runOnlyForDeploymentPostprocessing = 0;
			shellPath = /bin/sh;
			shellScript = "diff \"${PODS_PODFILE_DIR_PATH}/Podfile.lock\" \"${PODS_ROOT}/Manifest.lock\" > /dev/null\nif [ $? != 0 ] ; then\n    # print error to STDERR\n    echo \"error: The sandbox is not in sync with the Podfile.lock. Run 'pod install' or update your CocoaPods installation.\" >&2\n    exit 1\nfi\n# This output is used by Xcode 'outputs' to avoid re-running this script phase.\necho \"SUCCESS\" > \"${SCRIPT_OUTPUT_FILE_0}\"\n";
			showEnvVarsInLog = 0;
		};
		616AF81441CADBEEA4E75C84 /* [CP] Embed Pods Frameworks */ = {
			isa = PBXShellScriptBuildPhase;
			buildActionMask = 2147483647;
			files = (
			);
			inputFileListPaths = (
				"${PODS_ROOT}/Target Support Files/Pods-Grandpax/Pods-Grandpax-frameworks-${CONFIGURATION}-input-files.xcfilelist",
			);
			name = "[CP] Embed Pods Frameworks";
			outputFileListPaths = (
				"${PODS_ROOT}/Target Support Files/Pods-Grandpax/Pods-Grandpax-frameworks-${CONFIGURATION}-output-files.xcfilelist",
			);
			runOnlyForDeploymentPostprocessing = 0;
			shellPath = /bin/sh;
			shellScript = "\"${PODS_ROOT}/Target Support Files/Pods-Grandpax/Pods-Grandpax-frameworks.sh\"\n";
			showEnvVarsInLog = 0;
		};
		9BDF782E14CE7A9DBE01873F /* [CP] Check Pods Manifest.lock */ = {
			isa = PBXShellScriptBuildPhase;
			buildActionMask = 2147483647;
			files = (
			);
			inputFileListPaths = (
			);
			inputPaths = (
				"${PODS_PODFILE_DIR_PATH}/Podfile.lock",
				"${PODS_ROOT}/Manifest.lock",
			);
			name = "[CP] Check Pods Manifest.lock";
			outputFileListPaths = (
			);
			outputPaths = (
				"$(DERIVED_FILE_DIR)/Pods-Grandpax-checkManifestLockResult.txt",
			);
			runOnlyForDeploymentPostprocessing = 0;
			shellPath = /bin/sh;
			shellScript = "diff \"${PODS_PODFILE_DIR_PATH}/Podfile.lock\" \"${PODS_ROOT}/Manifest.lock\" > /dev/null\nif [ $? != 0 ] ; then\n    # print error to STDERR\n    echo \"error: The sandbox is not in sync with the Podfile.lock. Run 'pod install' or update your CocoaPods installation.\" >&2\n    exit 1\nfi\n# This output is used by Xcode 'outputs' to avoid re-running this script phase.\necho \"SUCCESS\" > \"${SCRIPT_OUTPUT_FILE_0}\"\n";
			showEnvVarsInLog = 0;
		};
/* End PBXShellScriptBuildPhase section */

/* Begin PBXSourcesBuildPhase section */
		DC09C7A32A3F2362009BE60A /* Sources */ = {
			isa = PBXSourcesBuildPhase;
			buildActionMask = 2147483647;
			files = (
				DC09C7AA2A3F2362009BE60A /* SessionsViewModelTests.swift in Sources */,
				DC09C7B32A3F3056009BE60A /* MapViewModelTests.swift in Sources */,
				DC09C7B12A3F2D15009BE60A /* SettingsViewModelTests.swift in Sources */,
			);
			runOnlyForDeploymentPostprocessing = 0;
		};
		DCD4F3B0290D374900E18516 /* Sources */ = {
			isa = PBXSourcesBuildPhase;
			buildActionMask = 2147483647;
			files = (
				DCD4F3D5290E711300E18516 /* UIView+Extensions.swift in Sources */,
				DC80CD44292AA71700DAB655 /* CLLocationCoordinate2D+Extensions.swift in Sources */,
				DCD4F3BC290D374900E18516 /* MainViewController.swift in Sources */,
				DCD2C6EC29573267006FFF73 /* Theme.swift in Sources */,
				DC1B12452922286B00AF9A18 /* Alerts.swift in Sources */,
				DCA65CC329391BCE00B2C7B7 /* UserDefaultsManager.swift in Sources */,
				DC133DB22916C475000B5046 /* TrackViewModel.swift in Sources */,
				DCDACE2429FEF84700A8A049 /* ToastType.swift in Sources */,
				DCDFC8BA29C2596D00C61DA5 /* SessionsViewModel.swift in Sources */,
				DC16514E29BA8DF800E9990B /* ToastService.swift in Sources */,
				DCA65CBF2938FEDD00B2C7B7 /* SettingsView.swift in Sources */,
				DCEE27C029166D2600F6BDD4 /* TrackView.swift in Sources */,
				DC961CF729DCB10900E02154 /* BiometricsManager.swift in Sources */,
				DCEE27C229167A0200F6BDD4 /* ActionButton.swift in Sources */,
				DC18837829B92F60001FD2DD /* Session.swift in Sources */,
				DC96DB56291AEFDA00688A91 /* CMAcceleration+Extensions.swift in Sources */,
				DCDACE2629FF148800A8A049 /* UIApplication+Extensions.swift in Sources */,
				DC133DB4291709C0000B5046 /* StatisticsView.swift in Sources */,
				DCD4F3D0290D63AD00E18516 /* Colors.swift in Sources */,
				DCD4F3B8290D374900E18516 /* AppDelegate.swift in Sources */,
				DCC78C812937B8A200CF2F8B /* MapViewModel.swift in Sources */,
				DC489F2C291B8EFE005B401A /* Double+Extensions.swift in Sources */,
				DCEE27BA291663A400F6BDD4 /* MKMapView+Extensions.swift in Sources */,
				DCC78C7F2937B87300CF2F8B /* MapView.swift in Sources */,
				DCD4F3BA290D374900E18516 /* SceneDelegate.swift in Sources */,
				DCD4F3D7290E7FCB00E18516 /* CornerRadius.swift in Sources */,
				DCB6E8F129832439006BAF76 /* SessionsView.swift in Sources */,
				DCD4F3D2290D6F9D00E18516 /* CommonStrings.swift in Sources */,
				DCA65CC12939048300B2C7B7 /* SettingsViewModel.swift in Sources */,
			);
			runOnlyForDeploymentPostprocessing = 0;
		};
/* End PBXSourcesBuildPhase section */

/* Begin PBXTargetDependency section */
		DC09C7AC2A3F2362009BE60A /* PBXTargetDependency */ = {
			isa = PBXTargetDependency;
			target = DCD4F3B3290D374900E18516 /* Grandpax */;
			targetProxy = DC09C7AB2A3F2362009BE60A /* PBXContainerItemProxy */;
		};
/* End PBXTargetDependency section */

/* Begin PBXVariantGroup section */
		DCD4F3BD290D374900E18516 /* Main.storyboard */ = {
			isa = PBXVariantGroup;
			children = (
				DCD4F3BE290D374900E18516 /* Base */,
			);
			name = Main.storyboard;
			sourceTree = "<group>";
		};
		DCD4F3C5290D374D00E18516 /* LaunchScreen.storyboard */ = {
			isa = PBXVariantGroup;
			children = (
				DCD4F3C6290D374D00E18516 /* Base */,
			);
			name = LaunchScreen.storyboard;
			sourceTree = "<group>";
		};
/* End PBXVariantGroup section */

/* Begin XCBuildConfiguration section */
		DC09C7AD2A3F2363009BE60A /* Debug */ = {
			isa = XCBuildConfiguration;
			baseConfigurationReference = 71C0B9CF7586EA74B98F2F2A /* Pods-GrandpaxTests.debug.xcconfig */;
			buildSettings = {
				BUNDLE_LOADER = "$(TEST_HOST)";
				CODE_SIGN_STYLE = Automatic;
				CURRENT_PROJECT_VERSION = 1;
				DEVELOPMENT_TEAM = G22R3G9GQ9;
				GENERATE_INFOPLIST_FILE = YES;
				IPHONEOS_DEPLOYMENT_TARGET = 16.4;
				MARKETING_VERSION = 1.0;
				PRODUCT_BUNDLE_IDENTIFIER = com.hackathon.GrandpaxTests;
				PRODUCT_NAME = "$(TARGET_NAME)";
				SWIFT_EMIT_LOC_STRINGS = NO;
				SWIFT_VERSION = 5.0;
				TARGETED_DEVICE_FAMILY = "1,2";
				TEST_HOST = "$(BUILT_PRODUCTS_DIR)/Grandpax.app/$(BUNDLE_EXECUTABLE_FOLDER_PATH)/Grandpax";
			};
			name = Debug;
		};
		DC09C7AE2A3F2363009BE60A /* Release */ = {
			isa = XCBuildConfiguration;
			baseConfigurationReference = 6D53127C9AAF771F97F3B4EB /* Pods-GrandpaxTests.release.xcconfig */;
			buildSettings = {
				BUNDLE_LOADER = "$(TEST_HOST)";
				CODE_SIGN_STYLE = Automatic;
				CURRENT_PROJECT_VERSION = 1;
				DEVELOPMENT_TEAM = G22R3G9GQ9;
				GENERATE_INFOPLIST_FILE = YES;
				IPHONEOS_DEPLOYMENT_TARGET = 16.4;
				MARKETING_VERSION = 1.0;
				PRODUCT_BUNDLE_IDENTIFIER = com.hackathon.GrandpaxTests;
				PRODUCT_NAME = "$(TARGET_NAME)";
				SWIFT_EMIT_LOC_STRINGS = NO;
				SWIFT_VERSION = 5.0;
				TARGETED_DEVICE_FAMILY = "1,2";
				TEST_HOST = "$(BUILT_PRODUCTS_DIR)/Grandpax.app/$(BUNDLE_EXECUTABLE_FOLDER_PATH)/Grandpax";
			};
			name = Release;
		};
		DCD4F3C9290D374D00E18516 /* Debug */ = {
			isa = XCBuildConfiguration;
			buildSettings = {
				ALWAYS_SEARCH_USER_PATHS = NO;
				CLANG_ANALYZER_NONNULL = YES;
				CLANG_ANALYZER_NUMBER_OBJECT_CONVERSION = YES_AGGRESSIVE;
				CLANG_CXX_LANGUAGE_STANDARD = "gnu++20";
				CLANG_ENABLE_MODULES = YES;
				CLANG_ENABLE_OBJC_ARC = YES;
				CLANG_ENABLE_OBJC_WEAK = YES;
				CLANG_WARN_BLOCK_CAPTURE_AUTORELEASING = YES;
				CLANG_WARN_BOOL_CONVERSION = YES;
				CLANG_WARN_COMMA = YES;
				CLANG_WARN_CONSTANT_CONVERSION = YES;
				CLANG_WARN_DEPRECATED_OBJC_IMPLEMENTATIONS = YES;
				CLANG_WARN_DIRECT_OBJC_ISA_USAGE = YES_ERROR;
				CLANG_WARN_DOCUMENTATION_COMMENTS = YES;
				CLANG_WARN_EMPTY_BODY = YES;
				CLANG_WARN_ENUM_CONVERSION = YES;
				CLANG_WARN_INFINITE_RECURSION = YES;
				CLANG_WARN_INT_CONVERSION = YES;
				CLANG_WARN_NON_LITERAL_NULL_CONVERSION = YES;
				CLANG_WARN_OBJC_IMPLICIT_RETAIN_SELF = YES;
				CLANG_WARN_OBJC_LITERAL_CONVERSION = YES;
				CLANG_WARN_OBJC_ROOT_CLASS = YES_ERROR;
				CLANG_WARN_QUOTED_INCLUDE_IN_FRAMEWORK_HEADER = YES;
				CLANG_WARN_RANGE_LOOP_ANALYSIS = YES;
				CLANG_WARN_STRICT_PROTOTYPES = YES;
				CLANG_WARN_SUSPICIOUS_MOVE = YES;
				CLANG_WARN_UNGUARDED_AVAILABILITY = YES_AGGRESSIVE;
				CLANG_WARN_UNREACHABLE_CODE = YES;
				CLANG_WARN__DUPLICATE_METHOD_MATCH = YES;
				COPY_PHASE_STRIP = NO;
				DEBUG_INFORMATION_FORMAT = dwarf;
				ENABLE_STRICT_OBJC_MSGSEND = YES;
				ENABLE_TESTABILITY = YES;
				GCC_C_LANGUAGE_STANDARD = gnu11;
				GCC_DYNAMIC_NO_PIC = NO;
				GCC_NO_COMMON_BLOCKS = YES;
				GCC_OPTIMIZATION_LEVEL = 0;
				GCC_PREPROCESSOR_DEFINITIONS = (
					"DEBUG=1",
					"$(inherited)",
				);
				GCC_WARN_64_TO_32_BIT_CONVERSION = YES;
				GCC_WARN_ABOUT_RETURN_TYPE = YES_ERROR;
				GCC_WARN_UNDECLARED_SELECTOR = YES;
				GCC_WARN_UNINITIALIZED_AUTOS = YES_AGGRESSIVE;
				GCC_WARN_UNUSED_FUNCTION = YES;
				GCC_WARN_UNUSED_VARIABLE = YES;
				IPHONEOS_DEPLOYMENT_TARGET = 16.0;
				MTL_ENABLE_DEBUG_INFO = INCLUDE_SOURCE;
				MTL_FAST_MATH = YES;
				ONLY_ACTIVE_ARCH = YES;
				SDKROOT = iphoneos;
				SWIFT_ACTIVE_COMPILATION_CONDITIONS = DEBUG;
				SWIFT_OPTIMIZATION_LEVEL = "-Onone";
			};
			name = Debug;
		};
		DCD4F3CA290D374D00E18516 /* Release */ = {
			isa = XCBuildConfiguration;
			buildSettings = {
				ALWAYS_SEARCH_USER_PATHS = NO;
				CLANG_ANALYZER_NONNULL = YES;
				CLANG_ANALYZER_NUMBER_OBJECT_CONVERSION = YES_AGGRESSIVE;
				CLANG_CXX_LANGUAGE_STANDARD = "gnu++20";
				CLANG_ENABLE_MODULES = YES;
				CLANG_ENABLE_OBJC_ARC = YES;
				CLANG_ENABLE_OBJC_WEAK = YES;
				CLANG_WARN_BLOCK_CAPTURE_AUTORELEASING = YES;
				CLANG_WARN_BOOL_CONVERSION = YES;
				CLANG_WARN_COMMA = YES;
				CLANG_WARN_CONSTANT_CONVERSION = YES;
				CLANG_WARN_DEPRECATED_OBJC_IMPLEMENTATIONS = YES;
				CLANG_WARN_DIRECT_OBJC_ISA_USAGE = YES_ERROR;
				CLANG_WARN_DOCUMENTATION_COMMENTS = YES;
				CLANG_WARN_EMPTY_BODY = YES;
				CLANG_WARN_ENUM_CONVERSION = YES;
				CLANG_WARN_INFINITE_RECURSION = YES;
				CLANG_WARN_INT_CONVERSION = YES;
				CLANG_WARN_NON_LITERAL_NULL_CONVERSION = YES;
				CLANG_WARN_OBJC_IMPLICIT_RETAIN_SELF = YES;
				CLANG_WARN_OBJC_LITERAL_CONVERSION = YES;
				CLANG_WARN_OBJC_ROOT_CLASS = YES_ERROR;
				CLANG_WARN_QUOTED_INCLUDE_IN_FRAMEWORK_HEADER = YES;
				CLANG_WARN_RANGE_LOOP_ANALYSIS = YES;
				CLANG_WARN_STRICT_PROTOTYPES = YES;
				CLANG_WARN_SUSPICIOUS_MOVE = YES;
				CLANG_WARN_UNGUARDED_AVAILABILITY = YES_AGGRESSIVE;
				CLANG_WARN_UNREACHABLE_CODE = YES;
				CLANG_WARN__DUPLICATE_METHOD_MATCH = YES;
				COPY_PHASE_STRIP = NO;
				DEBUG_INFORMATION_FORMAT = "dwarf-with-dsym";
				ENABLE_NS_ASSERTIONS = NO;
				ENABLE_STRICT_OBJC_MSGSEND = YES;
				GCC_C_LANGUAGE_STANDARD = gnu11;
				GCC_NO_COMMON_BLOCKS = YES;
				GCC_WARN_64_TO_32_BIT_CONVERSION = YES;
				GCC_WARN_ABOUT_RETURN_TYPE = YES_ERROR;
				GCC_WARN_UNDECLARED_SELECTOR = YES;
				GCC_WARN_UNINITIALIZED_AUTOS = YES_AGGRESSIVE;
				GCC_WARN_UNUSED_FUNCTION = YES;
				GCC_WARN_UNUSED_VARIABLE = YES;
				IPHONEOS_DEPLOYMENT_TARGET = 16.0;
				MTL_ENABLE_DEBUG_INFO = NO;
				MTL_FAST_MATH = YES;
				SDKROOT = iphoneos;
				SWIFT_COMPILATION_MODE = wholemodule;
				SWIFT_OPTIMIZATION_LEVEL = "-O";
				VALIDATE_PRODUCT = YES;
			};
			name = Release;
		};
		DCD4F3CC290D374D00E18516 /* Debug */ = {
			isa = XCBuildConfiguration;
			baseConfigurationReference = AAA68B2C95BE97D9AD5285BD /* Pods-Grandpax.debug.xcconfig */;
			buildSettings = {
				ASSETCATALOG_COMPILER_APPICON_NAME = AppIcon;
				ASSETCATALOG_COMPILER_GLOBAL_ACCENT_COLOR_NAME = AccentColor;
				CODE_SIGN_STYLE = Automatic;
				CURRENT_PROJECT_VERSION = 1;
				DEVELOPMENT_TEAM = G22R3G9GQ9;
				GENERATE_INFOPLIST_FILE = YES;
				INFOPLIST_FILE = Grandpax/Info.plist;
				INFOPLIST_KEY_NSFaceIDUsageDescription = "We use Face ID in order to allow the user to protect the telemetry data registered.";
				INFOPLIST_KEY_NSLocationAlwaysAndWhenInUseUsageDescription = "We use this in order to track your telemetry.";
				INFOPLIST_KEY_NSLocationWhenInUseUsageDescription = "We use this in order to track your telemetry.";
				INFOPLIST_KEY_UIApplicationSupportsIndirectInputEvents = YES;
				INFOPLIST_KEY_UILaunchStoryboardName = LaunchScreen;
				INFOPLIST_KEY_UIMainStoryboardFile = Main;
				INFOPLIST_KEY_UISupportedInterfaceOrientations = UIInterfaceOrientationPortrait;
				IPHONEOS_DEPLOYMENT_TARGET = 16.0;
				LD_RUNPATH_SEARCH_PATHS = (
					"$(inherited)",
					"@executable_path/Frameworks",
				);
				MARKETING_VERSION = 1.0;
				PRODUCT_BUNDLE_IDENTIFIER = com.alexalbu.Grandpax;
				PRODUCT_NAME = "$(TARGET_NAME)";
				SWIFT_EMIT_LOC_STRINGS = YES;
				SWIFT_VERSION = 5.0;
				TARGETED_DEVICE_FAMILY = "1,2";
			};
			name = Debug;
		};
		DCD4F3CD290D374D00E18516 /* Release */ = {
			isa = XCBuildConfiguration;
			baseConfigurationReference = FBF4460F01258B7C4CDB5718 /* Pods-Grandpax.release.xcconfig */;
			buildSettings = {
				ASSETCATALOG_COMPILER_APPICON_NAME = AppIcon;
				ASSETCATALOG_COMPILER_GLOBAL_ACCENT_COLOR_NAME = AccentColor;
				CODE_SIGN_STYLE = Automatic;
				CURRENT_PROJECT_VERSION = 1;
				DEVELOPMENT_TEAM = G22R3G9GQ9;
				GENERATE_INFOPLIST_FILE = YES;
				INFOPLIST_FILE = Grandpax/Info.plist;
				INFOPLIST_KEY_NSFaceIDUsageDescription = "We use Face ID in order to allow the user to protect the telemetry data registered.";
				INFOPLIST_KEY_NSLocationAlwaysAndWhenInUseUsageDescription = "We use this in order to track your telemetry.";
				INFOPLIST_KEY_NSLocationWhenInUseUsageDescription = "We use this in order to track your telemetry.";
				INFOPLIST_KEY_UIApplicationSupportsIndirectInputEvents = YES;
				INFOPLIST_KEY_UILaunchStoryboardName = LaunchScreen;
				INFOPLIST_KEY_UIMainStoryboardFile = Main;
				INFOPLIST_KEY_UISupportedInterfaceOrientations = UIInterfaceOrientationPortrait;
				IPHONEOS_DEPLOYMENT_TARGET = 16.0;
				LD_RUNPATH_SEARCH_PATHS = (
					"$(inherited)",
					"@executable_path/Frameworks",
				);
				MARKETING_VERSION = 1.0;
				PRODUCT_BUNDLE_IDENTIFIER = com.alexalbu.Grandpax;
				PRODUCT_NAME = "$(TARGET_NAME)";
				SWIFT_EMIT_LOC_STRINGS = YES;
				SWIFT_VERSION = 5.0;
				TARGETED_DEVICE_FAMILY = "1,2";
			};
			name = Release;
		};
/* End XCBuildConfiguration section */

/* Begin XCConfigurationList section */
		DC09C7AF2A3F2363009BE60A /* Build configuration list for PBXNativeTarget "GrandpaxTests" */ = {
			isa = XCConfigurationList;
			buildConfigurations = (
				DC09C7AD2A3F2363009BE60A /* Debug */,
				DC09C7AE2A3F2363009BE60A /* Release */,
			);
			defaultConfigurationIsVisible = 0;
			defaultConfigurationName = Release;
		};
		DCD4F3AF290D374900E18516 /* Build configuration list for PBXProject "Grandpax" */ = {
			isa = XCConfigurationList;
			buildConfigurations = (
				DCD4F3C9290D374D00E18516 /* Debug */,
				DCD4F3CA290D374D00E18516 /* Release */,
			);
			defaultConfigurationIsVisible = 0;
			defaultConfigurationName = Release;
		};
		DCD4F3CB290D374D00E18516 /* Build configuration list for PBXNativeTarget "Grandpax" */ = {
			isa = XCConfigurationList;
			buildConfigurations = (
				DCD4F3CC290D374D00E18516 /* Debug */,
				DCD4F3CD290D374D00E18516 /* Release */,
			);
			defaultConfigurationIsVisible = 0;
			defaultConfigurationName = Release;
		};
/* End XCConfigurationList section */
	};
	rootObject = DCD4F3AC290D374900E18516 /* Project object */;
}
